
Microsoft Visual Studio Solution File, Format Version 12.00
# Visual Studio Version 17
VisualStudioVersion = 17.9.34616.47
MinimumVisualStudioVersion = 10.0.40219.1
Project("{FAE04EC0-301F-11D3-BF4B-00C04F79EFBC}") = "ManagementUser.API", "ManagementUser.API\ManagementUser.API.csproj", "{39318865-C290-4AA9-BBA1-29B1C75DF230}"
EndProject
Global
	GlobalSection(SolutionConfigurationPlatforms) = preSolution
		Debug|Any CPU = Debug|Any CPU
		Release|Any CPU = Release|Any CPU
	EndGlobalSection
	GlobalSection(ProjectConfigurationPlatforms) = postSolution
		{39318865-C290-4AA9-BBA1-29B1C75DF230}.Debug|Any CPU.ActiveCfg = Debug|Any CPU
		{39318865-C290-4AA9-BBA1-29B1C75DF230}.Debug|Any CPU.Build.0 = Debug|Any CPU
		{39318865-C290-4AA9-BBA1-29B1C75DF230}.Release|Any CPU.ActiveCfg = Release|Any CPU
		{39318865-C290-4AA9-BBA1-29B1C75DF230}.Release|Any CPU.Build.0 = Release|Any CPU
	EndGlobalSection
	GlobalSection(SolutionProperties) = preSolution
		HideSolutionNode = FALSE
	EndGlobalSection
	GlobalSection(ExtensibilityGlobals) = postSolution
		SolutionGuid = {0EBF4154-C03C-4DB1-9716-E8E84EE75029}
	EndGlobalSection
EndGlobal
